// !$*UTF8*$!
{
	archiveVersion = 1;
	classes = {
	};
	objectVersion = 48;
	objects = {

/* Begin PBXBuildFile section */
		3A09E9471FB569C700C09EC9 /* AppDelegate.m in Sources */ = {isa = PBXBuildFile; fileRef = 3A09E9461FB569C700C09EC9 /* AppDelegate.m */; };
		3A09E9491FB569C700C09EC9 /* Assets.xcassets in Resources */ = {isa = PBXBuildFile; fileRef = 3A09E9481FB569C700C09EC9 /* Assets.xcassets */; };
		3A09E94C1FB569C700C09EC9 /* MainMenu.xib in Resources */ = {isa = PBXBuildFile; fileRef = 3A09E94A1FB569C700C09EC9 /* MainMenu.xib */; };
		3A09E94F1FB569C700C09EC9 /* main.m in Sources */ = {isa = PBXBuildFile; fileRef = 3A09E94E1FB569C700C09EC9 /* main.m */; };
		3A8D8ED51FB63B7A00E9BCCF /* red_button.png in Resources */ = {isa = PBXBuildFile; fileRef = 3A8D8ED31FB63B7A00E9BCCF /* red_button.png */; };
		3A8D8ED61FB63B7A00E9BCCF /* green_button.png in Resources */ = {isa = PBXBuildFile; fileRef = 3A8D8ED41FB63B7A00E9BCCF /* green_button.png */; };
		3A8D8ED91FB63DA900E9BCCF /* CORRECT.wav in Resources */ = {isa = PBXBuildFile; fileRef = 3A8D8ED71FB63DA900E9BCCF /* CORRECT.wav */; };
		3A8D8EDA1FB63DA900E9BCCF /* WRONG.wav in Resources */ = {isa = PBXBuildFile; fileRef = 3A8D8ED81FB63DA900E9BCCF /* WRONG.wav */; };
		3AB42FF81FBFD13E0089718D /* BCRView.m in Sources */ = {isa = PBXBuildFile; fileRef = 3AB42FF71FBFD13E0089718D /* BCRView.m */; };
/* End PBXBuildFile section */

/* Begin PBXFileReference section */
		3A09E9421FB569C700C09EC9 /* BCR.app */ = {isa = PBXFileReference; explicitFileType = wrapper.application; includeInIndex = 0; path = BCR.app; sourceTree = BUILT_PRODUCTS_DIR; };
		3A09E9451FB569C700C09EC9 /* AppDelegate.h */ = {isa = PBXFileReference; lastKnownFileType = sourcecode.c.h; path = AppDelegate.h; sourceTree = "<group>"; };
		3A09E9461FB569C700C09EC9 /* AppDelegate.m */ = {isa = PBXFileReference; lastKnownFileType = sourcecode.c.objc; path = AppDelegate.m; sourceTree = "<group>"; };
		3A09E9481FB569C700C09EC9 /* Assets.xcassets */ = {isa = PBXFileReference; lastKnownFileType = folder.assetcatalog; path = Assets.xcassets; sourceTree = "<group>"; };
		3A09E94B1FB569C700C09EC9 /* Base */ = {isa = PBXFileReference; lastKnownFileType = file.xib; name = Base; path = Base.lproj/MainMenu.xib; sourceTree = "<group>"; };
		3A09E94D1FB569C700C09EC9 /* Info.plist */ = {isa = PBXFileReference; lastKnownFileType = text.plist.xml; path = Info.plist; sourceTree = "<group>"; };
		3A09E94E1FB569C700C09EC9 /* main.m */ = {isa = PBXFileReference; lastKnownFileType = sourcecode.c.objc; path = main.m; sourceTree = "<group>"; };
		3A09E9501FB569C700C09EC9 /* BCR.entitlements */ = {isa = PBXFileReference; lastKnownFileType = text.plist.entitlements; path = BCR.entitlements; sourceTree = "<group>"; };
		3A8D8ED31FB63B7A00E9BCCF /* red_button.png */ = {isa = PBXFileReference; lastKnownFileType = image.png; path = red_button.png; sourceTree = "<group>"; };
		3A8D8ED41FB63B7A00E9BCCF /* green_button.png */ = {isa = PBXFileReference; lastKnownFileType = image.png; path = green_button.png; sourceTree = "<group>"; };
		3A8D8ED71FB63DA900E9BCCF /* CORRECT.wav */ = {isa = PBXFileReference; lastKnownFileType = audio.wav; path = CORRECT.wav; sourceTree = "<group>"; };
		3A8D8ED81FB63DA900E9BCCF /* WRONG.wav */ = {isa = PBXFileReference; lastKnownFileType = audio.wav; path = WRONG.wav; sourceTree = "<group>"; };
		3AB42FF61FBFD13E0089718D /* BCRView.h */ = {isa = PBXFileReference; lastKnownFileType = sourcecode.c.h; path = BCRView.h; sourceTree = "<group>"; };
		3AB42FF71FBFD13E0089718D /* BCRView.m */ = {isa = PBXFileReference; lastKnownFileType = sourcecode.c.objc; path = BCRView.m; sourceTree = "<group>"; };
/* End PBXFileReference section */

/* Begin PBXFrameworksBuildPhase section */
		3A09E93F1FB569C700C09EC9 /* Frameworks */ = {
			isa = PBXFrameworksBuildPhase;
			buildActionMask = 2147483647;
			files = (
			);
			runOnlyForDeploymentPostprocessing = 0;
		};
/* End PBXFrameworksBuildPhase section */

/* Begin PBXGroup section */
		3A09E9391FB569C700C09EC9 = {
			isa = PBXGroup;
			children = (
				3A09E9441FB569C700C09EC9 /* BCR */,
				3A09E9431FB569C700C09EC9 /* Products */,
			);
			sourceTree = "<group>";
		};
		3A09E9431FB569C700C09EC9 /* Products */ = {
			isa = PBXGroup;
			children = (
				3A09E9421FB569C700C09EC9 /* BCR.app */,
			);
			name = Products;
			sourceTree = "<group>";
		};
		3A09E9441FB569C700C09EC9 /* BCR */ = {
			isa = PBXGroup;
			children = (
				3A09E9451FB569C700C09EC9 /* AppDelegate.h */,
				3A09E9461FB569C700C09EC9 /* AppDelegate.m */,
				3AB42FF61FBFD13E0089718D /* BCRView.h */,
				3AB42FF71FBFD13E0089718D /* BCRView.m */,
				3A09E9481FB569C700C09EC9 /* Assets.xcassets */,
				3A09E94A1FB569C700C09EC9 /* MainMenu.xib */,
				3A09E94D1FB569C700C09EC9 /* Info.plist */,
				3A09E94E1FB569C700C09EC9 /* main.m */,
				3A09E9501FB569C700C09EC9 /* BCR.entitlements */,
				3A8D8ED41FB63B7A00E9BCCF /* green_button.png */,
				3A8D8ED31FB63B7A00E9BCCF /* red_button.png */,
				3A8D8ED71FB63DA900E9BCCF /* CORRECT.wav */,
				3A8D8ED81FB63DA900E9BCCF /* WRONG.wav */,
			);
			path = BCR;
			sourceTree = "<group>";
		};
/* End PBXGroup section */

/* Begin PBXNativeTarget section */
		3A09E9411FB569C700C09EC9 /* BCR */ = {
			isa = PBXNativeTarget;
			buildConfigurationList = 3A09E9531FB569C700C09EC9 /* Build configuration list for PBXNativeTarget "BCR" */;
			buildPhases = (
				3A09E93E1FB569C700C09EC9 /* Sources */,
				3A09E93F1FB569C700C09EC9 /* Frameworks */,
				3A09E9401FB569C700C09EC9 /* Resources */,
			);
			buildRules = (
			);
			dependencies = (
			);
			name = BCR;
			productName = BCR;
			productReference = 3A09E9421FB569C700C09EC9 /* BCR.app */;
			productType = "com.apple.product-type.application";
		};
/* End PBXNativeTarget section */

/* Begin PBXProject section */
		3A09E93A1FB569C700C09EC9 /* Project object */ = {
			isa = PBXProject;
			attributes = {
				LastUpgradeCheck = 0910;
				ORGANIZATIONNAME = "Hans van Riet";
				TargetAttributes = {
					3A09E9411FB569C700C09EC9 = {
						CreatedOnToolsVersion = 9.1;
						ProvisioningStyle = Automatic;
					};
				};
			};
			buildConfigurationList = 3A09E93D1FB569C700C09EC9 /* Build configuration list for PBXProject "BCR" */;
			compatibilityVersion = "Xcode 8.0";
			developmentRegion = en;
			hasScannedForEncodings = 0;
			knownRegions = (
				en,
				Base,
			);
			mainGroup = 3A09E9391FB569C700C09EC9;
			productRefGroup = 3A09E9431FB569C700C09EC9 /* Products */;
			projectDirPath = "";
			projectRoot = "";
			targets = (
				3A09E9411FB569C700C09EC9 /* BCR */,
			);
		};
/* End PBXProject section */

/* Begin PBXResourcesBuildPhase section */
		3A09E9401FB569C700C09EC9 /* Resources */ = {
			isa = PBXResourcesBuildPhase;
			buildActionMask = 2147483647;
			files = (
				3A8D8EDA1FB63DA900E9BCCF /* WRONG.wav in Resources */,
				3A8D8ED91FB63DA900E9BCCF /* CORRECT.wav in Resources */,
				3A09E9491FB569C700C09EC9 /* Assets.xcassets in Resources */,
				3A09E94C1FB569C700C09EC9 /* MainMenu.xib in Resources */,
				3A8D8ED51FB63B7A00E9BCCF /* red_button.png in Resources */,
				3A8D8ED61FB63B7A00E9BCCF /* green_button.png in Resources */,
			);
			runOnlyForDeploymentPostprocessing = 0;
		};
/* End PBXResourcesBuildPhase section */

/* Begin PBXSourcesBuildPhase section */
		3A09E93E1FB569C700C09EC9 /* Sources */ = {
			isa = PBXSourcesBuildPhase;
			buildActionMask = 2147483647;
			files = (
				3A09E94F1FB569C700C09EC9 /* main.m in Sources */,
				3A09E9471FB569C700C09EC9 /* AppDelegate.m in Sources */,
				3AB42FF81FBFD13E0089718D /* BCRView.m in Sources */,
			);
			runOnlyForDeploymentPostprocessing = 0;
		};
/* End PBXSourcesBuildPhase section */

/* Begin PBXVariantGroup section */
		3A09E94A1FB569C700C09EC9 /* MainMenu.xib */ = {
			isa = PBXVariantGroup;
			children = (
				3A09E94B1FB569C700C09EC9 /* Base */,
			);
			name = MainMenu.xib;
			sourceTree = "<group>";
		};
/* End PBXVariantGroup section */

/* Begin XCBuildConfiguration section */
		3A09E9511FB569C700C09EC9 /* Debug */ = {
			isa = XCBuildConfiguration;
			buildSettings = {
				ALWAYS_SEARCH_USER_PATHS = NO;
				CLANG_ANALYZER_NONNULL = YES;
				CLANG_ANALYZER_NUMBER_OBJECT_CONVERSION = YES_AGGRESSIVE;
				CLANG_CXX_LANGUAGE_STANDARD = "gnu++14";
				CLANG_CXX_LIBRARY = "libc++";
				CLANG_ENABLE_MODULES = YES;
				CLANG_ENABLE_OBJC_ARC = YES;
				CLANG_WARN_BLOCK_CAPTURE_AUTORELEASING = YES;
				CLANG_WARN_BOOL_CONVERSION = YES;
				CLANG_WARN_COMMA = YES;
				CLANG_WARN_CONSTANT_CONVERSION = YES;
				CLANG_WARN_DIRECT_OBJC_ISA_USAGE = YES_ERROR;
				CLANG_WARN_DOCUMENTATION_COMMENTS = YES;
				CLANG_WARN_EMPTY_BODY = YES;
				CLANG_WARN_ENUM_CONVERSION = YES;
				CLANG_WARN_INFINITE_RECURSION = YES;
				CLANG_WARN_INT_CONVERSION = YES;
				CLANG_WARN_NON_LITERAL_NULL_CONVERSION = YES;
				CLANG_WARN_OBJC_LITERAL_CONVERSION = YES;
				CLANG_WARN_OBJC_ROOT_CLASS = YES_ERROR;
				CLANG_WARN_RANGE_LOOP_ANALYSIS = YES;
				CLANG_WARN_STRICT_PROTOTYPES = YES;
				CLANG_WARN_SUSPICIOUS_MOVE = YES;
				CLANG_WARN_UNGUARDED_AVAILABILITY = YES_AGGRESSIVE;
				CLANG_WARN_UNREACHABLE_CODE = YES;
				CLANG_WARN__DUPLICATE_METHOD_MATCH = YES;
				CODE_SIGN_IDENTITY = "Mac Developer";
				COPY_PHASE_STRIP = NO;
				DEBUG_INFORMATION_FORMAT = dwarf;
				ENABLE_STRICT_OBJC_MSGSEND = YES;
				ENABLE_TESTABILITY = YES;
				GCC_C_LANGUAGE_STANDARD = gnu11;
				GCC_DYNAMIC_NO_PIC = NO;
				GCC_NO_COMMON_BLOCKS = YES;
				GCC_OPTIMIZATION_LEVEL = 0;
				GCC_PREPROCESSOR_DEFINITIONS = (
					"DEBUG=1",
					"$(inherited)",
				);
				GCC_WARN_64_TO_32_BIT_CONVERSION = YES;
				GCC_WARN_ABOUT_RETURN_TYPE = YES_ERROR;
				GCC_WARN_UNDECLARED_SELECTOR = YES;
				GCC_WARN_UNINITIALIZED_AUTOS = YES_AGGRESSIVE;
				GCC_WARN_UNUSED_FUNCTION = YES;
				GCC_WARN_UNUSED_VARIABLE = YES;
				MACOSX_DEPLOYMENT_TARGET = 10.13;
				MTL_ENABLE_DEBUG_INFO = YES;
				ONLY_ACTIVE_ARCH = YES;
				SDKROOT = macosx;
			};
			name = Debug;
		};
		3A09E9521FB569C700C09EC9 /* Release */ = {
			isa = XCBuildConfiguration;
			buildSettings = {
				ALWAYS_SEARCH_USER_PATHS = NO;
				CLANG_ANALYZER_NONNULL = YES;
				CLANG_ANALYZER_NUMBER_OBJECT_CONVERSION = YES_AGGRESSIVE;
				CLANG_CXX_LANGUAGE_STANDARD = "gnu++14";
				CLANG_CXX_LIBRARY = "libc++";
				CLANG_ENABLE_MODULES = YES;
				CLANG_ENABLE_OBJC_ARC = YES;
				CLANG_WARN_BLOCK_CAPTURE_AUTORELEASING = YES;
				CLANG_WARN_BOOL_CONVERSION = YES;
				CLANG_WARN_COMMA = YES;
				CLANG_WARN_CONSTANT_CONVERSION = YES;
				CLANG_WARN_DIRECT_OBJC_ISA_USAGE = YES_ERROR;
				CLANG_WARN_DOCUMENTATION_COMMENTS = YES;
				CLANG_WARN_EMPTY_BODY = YES;
				CLANG_WARN_ENUM_CONVERSION = YES;
				CLANG_WARN_INFINITE_RECURSION = YES;
				CLANG_WARN_INT_CONVERSION = YES;
				CLANG_WARN_NON_LITERAL_NULL_CONVERSION = YES;
				CLANG_WARN_OBJC_LITERAL_CONVERSION = YES;
				CLANG_WARN_OBJC_ROOT_CLASS = YES_ERROR;
				CLANG_WARN_RANGE_LOOP_ANALYSIS = YES;
				CLANG_WARN_STRICT_PROTOTYPES = YES;
				CLANG_WARN_SUSPICIOUS_MOVE = YES;
				CLANG_WARN_UNGUARDED_AVAILABILITY = YES_AGGRESSIVE;
				CLANG_WARN_UNREACHABLE_CODE = YES;
				CLANG_WARN__DUPLICATE_METHOD_MATCH = YES;
				CODE_SIGN_IDENTITY = "Mac Developer";
				COPY_PHASE_STRIP = NO;
				DEBUG_INFORMATION_FORMAT = "dwarf-with-dsym";
				ENABLE_NS_ASSERTIONS = NO;
				ENABLE_STRICT_OBJC_MSGSEND = YES;
				GCC_C_LANGUAGE_STANDARD = gnu11;
				GCC_NO_COMMON_BLOCKS = YES;
				GCC_WARN_64_TO_32_BIT_CONVERSION = YES;
				GCC_WARN_ABOUT_RETURN_TYPE = YES_ERROR;
				GCC_WARN_UNDECLARED_SELECTOR = YES;
				GCC_WARN_UNINITIALIZED_AUTOS = YES_AGGRESSIVE;
				GCC_WARN_UNUSED_FUNCTION = YES;
				GCC_WARN_UNUSED_VARIABLE = YES;
				MACOSX_DEPLOYMENT_TARGET = 10.13;
				MTL_ENABLE_DEBUG_INFO = NO;
				SDKROOT = macosx;
			};
			name = Release;
		};
		3A09E9541FB569C700C09EC9 /* Debug */ = {
			isa = XCBuildConfiguration;
			buildSettings = {
				ASSETCATALOG_COMPILER_APPICON_NAME = AppIcon;
				CODE_SIGN_ENTITLEMENTS = BCR/BCR.entitlements;
				CODE_SIGN_STYLE = Automatic;
				COMBINE_HIDPI_IMAGES = YES;
				DEVELOPMENT_TEAM = U2G36U39FG;
				INFOPLIST_FILE = BCR/Info.plist;
				LD_RUNPATH_SEARCH_PATHS = "$(inherited) @executable_path/../Frameworks";
				MACOSX_DEPLOYMENT_TARGET = 10.12;
				PRODUCT_BUNDLE_IDENTIFIER = com.hansvanriet.BCR;
				PRODUCT_NAME = "$(TARGET_NAME)";
			};
			name = Debug;
		};
		3A09E9551FB569C700C09EC9 /* Release */ = {
			isa = XCBuildConfiguration;
			buildSettings = {
				ASSETCATALOG_COMPILER_APPICON_NAME = AppIcon;
				CODE_SIGN_ENTITLEMENTS = BCR/BCR.entitlements;
				CODE_SIGN_STYLE = Automatic;
				COMBINE_HIDPI_IMAGES = YES;
				DEVELOPMENT_TEAM = U2G36U39FG;
				INFOPLIST_FILE = BCR/Info.plist;
				LD_RUNPATH_SEARCH_PATHS = "$(inherited) @executable_path/../Frameworks";
				MACOSX_DEPLOYMENT_TARGET = 10.12;
				PRODUCT_BUNDLE_IDENTIFIER = com.hansvanriet.BCR;
				PRODUCT_NAME = "$(TARGET_NAME)";
			};
			name = Release;
		};
/* End XCBuildConfiguration section */

/* Begin XCConfigurationList section */
		3A09E93D1FB569C700C09EC9 /* Build configuration list for PBXProject "BCR" */ = {
			isa = XCConfigurationList;
			buildConfigurations = (
				3A09E9511FB569C700C09EC9 /* Debug */,
				3A09E9521FB569C700C09EC9 /* Release */,
			);
			defaultConfigurationIsVisible = 0;
			defaultConfigurationName = Release;
		};
		3A09E9531FB569C700C09EC9 /* Build configuration list for PBXNativeTarget "BCR" */ = {
			isa = XCConfigurationList;
			buildConfigurations = (
				3A09E9541FB569C700C09EC9 /* Debug */,
				3A09E9551FB569C700C09EC9 /* Release */,
			);
			defaultConfigurationIsVisible = 0;
			defaultConfigurationName = Release;
		};
/* End XCConfigurationList section */
	};
	rootObject = 3A09E93A1FB569C700C09EC9 /* Project object */;
}
